
Microsoft Visual Studio Solution File, Format Version 12.00
Project("{FAE04EC0-301F-11D3-BF4B-00C04F79EFBC}") = "StatosphericBackend", "StatosphericBackend\StatosphericBackend.csproj", "{714E012C-F8CE-4505-8B06-78B6D0BAEE9C}"
EndProject
Global
	GlobalSection(SolutionConfigurationPlatforms) = preSolution
		Debug|Any CPU = Debug|Any CPU
		Release|Any CPU = Release|Any CPU
	EndGlobalSection
	GlobalSection(ProjectConfigurationPlatforms) = postSolution
		{714E012C-F8CE-4505-8B06-78B6D0BAEE9C}.Debug|Any CPU.ActiveCfg = Debug|Any CPU
		{714E012C-F8CE-4505-8B06-78B6D0BAEE9C}.Debug|Any CPU.Build.0 = Debug|Any CPU
		{714E012C-F8CE-4505-8B06-78B6D0BAEE9C}.Release|Any CPU.ActiveCfg = Release|Any CPU
		{714E012C-F8CE-4505-8B06-78B6D0BAEE9C}.Release|Any CPU.Build.0 = Release|Any CPU
	EndGlobalSection
EndGlobal
